
Microsoft Visual Studio Solution File, Format Version 12.00
# Visual Studio Version 17
VisualStudioVersion = 17.9.34714.143
MinimumVisualStudioVersion = 10.0.40219.1
Project("{FAE04EC0-301F-11D3-BF4B-00C04F79EFBC}") = "Ex5", "Ex5\Ex5.csproj", "{ECB80A05-9297-4815-A758-F04E7065F0A1}"
EndProject
Global
	GlobalSection(SolutionConfigurationPlatforms) = preSolution
		Debug|Any CPU = Debug|Any CPU
		Release|Any CPU = Release|Any CPU
	EndGlobalSection
	GlobalSection(ProjectConfigurationPlatforms) = postSolution
		{ECB80A05-9297-4815-A758-F04E7065F0A1}.Debug|Any CPU.ActiveCfg = Debug|Any CPU
		{ECB80A05-9297-4815-A758-F04E7065F0A1}.Debug|Any CPU.Build.0 = Debug|Any CPU
		{ECB80A05-9297-4815-A758-F04E7065F0A1}.Release|Any CPU.ActiveCfg = Release|Any CPU
		{ECB80A05-9297-4815-A758-F04E7065F0A1}.Release|Any CPU.Build.0 = Release|Any CPU
	EndGlobalSection
	GlobalSection(SolutionProperties) = preSolution
		HideSolutionNode = FALSE
	EndGlobalSection
	GlobalSection(ExtensibilityGlobals) = postSolution
		SolutionGuid = {C852D5B5-55D4-4692-87F0-955089330AC8}
	EndGlobalSection
EndGlobal
