
Microsoft Visual Studio Solution File, Format Version 12.00
# Visual Studio Version 17
VisualStudioVersion = 17.9.34714.143
MinimumVisualStudioVersion = 10.0.40219.1
Project("{8BC9CEB8-8B4A-11D0-8D11-00A0C91BC942}") = "ChatServer", "ChatServer\ChatServer.vcxproj", "{167ECB73-2964-4528-9533-175D1158597D}"
EndProject
Global
	GlobalSection(SolutionConfigurationPlatforms) = preSolution
		Debug|x64 = Debug|x64
		Debug|x86 = Debug|x86
		Release|x64 = Release|x64
		Release|x86 = Release|x86
	EndGlobalSection
	GlobalSection(ProjectConfigurationPlatforms) = postSolution
		{167ECB73-2964-4528-9533-175D1158597D}.Debug|x64.ActiveCfg = Debug|x64
		{167ECB73-2964-4528-9533-175D1158597D}.Debug|x64.Build.0 = Debug|x64
		{167ECB73-2964-4528-9533-175D1158597D}.Debug|x86.ActiveCfg = Debug|Win32
		{167ECB73-2964-4528-9533-175D1158597D}.Debug|x86.Build.0 = Debug|Win32
		{167ECB73-2964-4528-9533-175D1158597D}.Release|x64.ActiveCfg = Release|x64
		{167ECB73-2964-4528-9533-175D1158597D}.Release|x64.Build.0 = Release|x64
		{167ECB73-2964-4528-9533-175D1158597D}.Release|x86.ActiveCfg = Release|Win32
		{167ECB73-2964-4528-9533-175D1158597D}.Release|x86.Build.0 = Release|Win32
	EndGlobalSection
	GlobalSection(SolutionProperties) = preSolution
		HideSolutionNode = FALSE
	EndGlobalSection
	GlobalSection(ExtensibilityGlobals) = postSolution
		SolutionGuid = {34F3CA18-017D-456C-A5A4-9B0264E7A074}
	EndGlobalSection
EndGlobal
